{
  "requires": true,
  "lockfileVersion": 1,
  "dependencies": {
    "fullcalendar": {
      "version": "3.5.1",
      "resolved": "https://registry.npmjs.org/fullcalendar/-/fullcalendar-3.5.1.tgz",
      "integrity": "sha1-xw1kLKGNKFT7uXqbT17s72qj6IQ=",
      "requires": {
        "jquery": "3.2.1",
        "moment": "2.18.1"
      }
    },
    "jquery": {
      "version": "3.2.1",
      "resolved": "https://registry.npmjs.org/jquery/-/jquery-3.2.1.tgz",
      "integrity": "sha1-XE2d5lKvbNCncBVKYxu6ErAVx4c="
    },
    "moment": {
      "version": "2.18.1",
      "resolved": "https://registry.npmjs.org/moment/-/moment-2.18.1.tgz",
      "integrity": "sha1-w2GT3Tzhwu7SrbfIAtu8d6gbHA8="
    }
  }
}
